
Microsoft Visual Studio Solution File, Format Version 12.00
Project("{2150E333-8FDC-42A3-9474-1A3956D46DE8}") = "Bootstrapper", "Bootstrapper", "{6EAF2F9B-8A95-4B30-AE6A-1B0354E60CF2}"
EndProject
Project("{2150E333-8FDC-42A3-9474-1A3956D46DE8}") = "Modules", "Modules", "{D084275A-8DE6-45A1-9A2F-0F71FC5868CF}"
EndProject
Project("{2150E333-8FDC-42A3-9474-1A3956D46DE8}") = "Shared", "Shared", "{2DFB6AE5-DBD1-4AEF-AC36-E83928B90A4E}"
	ProjectSection(SolutionItems) = preProject
		Shared\Exceptions\Handler\CustomExceptionHandler.cs = Shared\Exceptions\Handler\CustomExceptionHandler.cs
	EndProjectSection
EndProject
Project("{FAE04EC0-301F-11D3-BF4B-00C04F79EFBC}") = "API", "Bootstrapper\API\API.csproj", "{1F9356E0-23F8-4CAB-B1E6-102C91A8861E}"
EndProject
Project("{2150E333-8FDC-42A3-9474-1A3956D46DE8}") = "Catalog", "Catalog", "{95D59DDF-2454-40F0-8A1B-2813BC03562E}"
EndProject
Project("{2150E333-8FDC-42A3-9474-1A3956D46DE8}") = "Ordering", "Ordering", "{89B197FE-D656-4547-B7CF-16540BEC0771}"
EndProject
Project("{2150E333-8FDC-42A3-9474-1A3956D46DE8}") = "BasketCart", "BasketCart", "{44D88FB5-8758-4F77-8620-C2C67AC8FB78}"
EndProject
Project("{FAE04EC0-301F-11D3-BF4B-00C04F79EFBC}") = "BasketCart", "Modules\Cart\Cart\BasketCart.csproj", "{E3C5A5E7-2147-47CD-A1FB-4053573441C9}"
EndProject
Project("{FAE04EC0-301F-11D3-BF4B-00C04F79EFBC}") = "Catalog", "Modules\Catalog\Catalog\Catalog.csproj", "{93330AF4-3A82-4DF4-A6EC-61E7A5E16EE0}"
EndProject
Project("{FAE04EC0-301F-11D3-BF4B-00C04F79EFBC}") = "Ordering", "Modules\Ordering\Ordering\Ordering.csproj", "{27C807C9-C0BE-493B-AD0C-E81F26212F9E}"
EndProject
Project("{FAE04EC0-301F-11D3-BF4B-00C04F79EFBC}") = "Shared", "Shared\Shared\Shared.csproj", "{A131A7B3-D4EE-4AC3-8E90-ECDCE7258911}"
EndProject
Project("{2150E333-8FDC-42A3-9474-1A3956D46DE8}") = "Solution Items", "Solution Items", "{E979B3DA-94E0-42A5-88F1-8B02366FC812}"
	ProjectSection(SolutionItems) = preProject
		compose.yaml = compose.yaml
	EndProjectSection
EndProject
Global
	GlobalSection(SolutionConfigurationPlatforms) = preSolution
		Debug|Any CPU = Debug|Any CPU
		Release|Any CPU = Release|Any CPU
	EndGlobalSection
	GlobalSection(NestedProjects) = preSolution
		{1F9356E0-23F8-4CAB-B1E6-102C91A8861E} = {6EAF2F9B-8A95-4B30-AE6A-1B0354E60CF2}
		{95D59DDF-2454-40F0-8A1B-2813BC03562E} = {D084275A-8DE6-45A1-9A2F-0F71FC5868CF}
		{89B197FE-D656-4547-B7CF-16540BEC0771} = {D084275A-8DE6-45A1-9A2F-0F71FC5868CF}
		{44D88FB5-8758-4F77-8620-C2C67AC8FB78} = {D084275A-8DE6-45A1-9A2F-0F71FC5868CF}
		{E3C5A5E7-2147-47CD-A1FB-4053573441C9} = {44D88FB5-8758-4F77-8620-C2C67AC8FB78}
		{93330AF4-3A82-4DF4-A6EC-61E7A5E16EE0} = {95D59DDF-2454-40F0-8A1B-2813BC03562E}
		{27C807C9-C0BE-493B-AD0C-E81F26212F9E} = {89B197FE-D656-4547-B7CF-16540BEC0771}
		{A131A7B3-D4EE-4AC3-8E90-ECDCE7258911} = {2DFB6AE5-DBD1-4AEF-AC36-E83928B90A4E}
	EndGlobalSection
	GlobalSection(ProjectConfigurationPlatforms) = postSolution
		{1F9356E0-23F8-4CAB-B1E6-102C91A8861E}.Debug|Any CPU.ActiveCfg = Debug|Any CPU
		{1F9356E0-23F8-4CAB-B1E6-102C91A8861E}.Debug|Any CPU.Build.0 = Debug|Any CPU
		{1F9356E0-23F8-4CAB-B1E6-102C91A8861E}.Release|Any CPU.ActiveCfg = Release|Any CPU
		{1F9356E0-23F8-4CAB-B1E6-102C91A8861E}.Release|Any CPU.Build.0 = Release|Any CPU
		{E3C5A5E7-2147-47CD-A1FB-4053573441C9}.Debug|Any CPU.ActiveCfg = Debug|Any CPU
		{E3C5A5E7-2147-47CD-A1FB-4053573441C9}.Debug|Any CPU.Build.0 = Debug|Any CPU
		{E3C5A5E7-2147-47CD-A1FB-4053573441C9}.Release|Any CPU.ActiveCfg = Release|Any CPU
		{E3C5A5E7-2147-47CD-A1FB-4053573441C9}.Release|Any CPU.Build.0 = Release|Any CPU
		{93330AF4-3A82-4DF4-A6EC-61E7A5E16EE0}.Debug|Any CPU.ActiveCfg = Debug|Any CPU
		{93330AF4-3A82-4DF4-A6EC-61E7A5E16EE0}.Debug|Any CPU.Build.0 = Debug|Any CPU
		{93330AF4-3A82-4DF4-A6EC-61E7A5E16EE0}.Release|Any CPU.ActiveCfg = Release|Any CPU
		{93330AF4-3A82-4DF4-A6EC-61E7A5E16EE0}.Release|Any CPU.Build.0 = Release|Any CPU
		{27C807C9-C0BE-493B-AD0C-E81F26212F9E}.Debug|Any CPU.ActiveCfg = Debug|Any CPU
		{27C807C9-C0BE-493B-AD0C-E81F26212F9E}.Debug|Any CPU.Build.0 = Debug|Any CPU
		{27C807C9-C0BE-493B-AD0C-E81F26212F9E}.Release|Any CPU.ActiveCfg = Release|Any CPU
		{27C807C9-C0BE-493B-AD0C-E81F26212F9E}.Release|Any CPU.Build.0 = Release|Any CPU
		{A131A7B3-D4EE-4AC3-8E90-ECDCE7258911}.Debug|Any CPU.ActiveCfg = Debug|Any CPU
		{A131A7B3-D4EE-4AC3-8E90-ECDCE7258911}.Debug|Any CPU.Build.0 = Debug|Any CPU
		{A131A7B3-D4EE-4AC3-8E90-ECDCE7258911}.Release|Any CPU.ActiveCfg = Release|Any CPU
		{A131A7B3-D4EE-4AC3-8E90-ECDCE7258911}.Release|Any CPU.Build.0 = Release|Any CPU
	EndGlobalSection
EndGlobal
